
Microsoft Visual Studio Solution File, Format Version 12.00
# Visual Studio Version 18
VisualStudioVersion = 18.2.11415.280 d18.0
MinimumVisualStudioVersion = 10.0.40219.1
Project("{FAE04EC0-301F-11D3-BF4B-00C04F79EFBC}") = "DOAN_WF", "DOAN_WF\DOAN_WF.csproj", "{698C1146-8559-4C3B-A659-7D8E7B5F5A00}"
EndProject
Global
	GlobalSection(SolutionConfigurationPlatforms) = preSolution
		Debug|Any CPU = Debug|Any CPU
		Release|Any CPU = Release|Any CPU
	EndGlobalSection
	GlobalSection(ProjectConfigurationPlatforms) = postSolution
		{698C1146-8559-4C3B-A659-7D8E7B5F5A00}.Debug|Any CPU.ActiveCfg = Debug|Any CPU
		{698C1146-8559-4C3B-A659-7D8E7B5F5A00}.Debug|Any CPU.Build.0 = Debug|Any CPU
		{698C1146-8559-4C3B-A659-7D8E7B5F5A00}.Release|Any CPU.ActiveCfg = Release|Any CPU
		{698C1146-8559-4C3B-A659-7D8E7B5F5A00}.Release|Any CPU.Build.0 = Release|Any CPU
	EndGlobalSection
	GlobalSection(SolutionProperties) = preSolution
		HideSolutionNode = FALSE
	EndGlobalSection
	GlobalSection(ExtensibilityGlobals) = postSolution
		SolutionGuid = {AB1B6A4A-BC9D-4B85-87B8-A0C4644F8146}
	EndGlobalSection
EndGlobal
